
Microsoft Visual Studio Solution File, Format Version 12.00
# Visual Studio Version 17
VisualStudioVersion = 17.13.35931.197 d17.13
MinimumVisualStudioVersion = 10.0.40219.1
Project("{FAE04EC0-301F-11D3-BF4B-00C04F79EFBC}") = "WallyInterpreter", "WallyInterpreter.csproj", "{74E143E4-0540-4907-9EDF-EDB82F0A1AEA}"
EndProject
Global
	GlobalSection(SolutionConfigurationPlatforms) = preSolution
		Debug|Any CPU = Debug|Any CPU
		Release|Any CPU = Release|Any CPU
	EndGlobalSection
	GlobalSection(ProjectConfigurationPlatforms) = postSolution
		{74E143E4-0540-4907-9EDF-EDB82F0A1AEA}.Debug|Any CPU.ActiveCfg = Debug|Any CPU
		{74E143E4-0540-4907-9EDF-EDB82F0A1AEA}.Debug|Any CPU.Build.0 = Debug|Any CPU
		{74E143E4-0540-4907-9EDF-EDB82F0A1AEA}.Release|Any CPU.ActiveCfg = Release|Any CPU
		{74E143E4-0540-4907-9EDF-EDB82F0A1AEA}.Release|Any CPU.Build.0 = Release|Any CPU
	EndGlobalSection
	GlobalSection(SolutionProperties) = preSolution
		HideSolutionNode = FALSE
	EndGlobalSection
	GlobalSection(ExtensibilityGlobals) = postSolution
		SolutionGuid = {434B561B-1CFD-447E-9DA2-2CB1CBDA28C8}
	EndGlobalSection
EndGlobal
